
Microsoft Visual Studio Solution File, Format Version 12.00
# Visual Studio Version 16
VisualStudioVersion = 16.0.30413.136
MinimumVisualStudioVersion = 10.0.40219.1
Project("{9A19103F-16F7-4668-BE54-9A1E7A4F7556}") = "SpreadsheetWrapper", "SpreadsheetWrapper\SpreadsheetWrapper.csproj", "{5001CE53-323E-49F1-B79A-3A554D3EDFEF}"
EndProject
Global
	GlobalSection(SolutionConfigurationPlatforms) = preSolution
		Debug|Any CPU = Debug|Any CPU
		Release|Any CPU = Release|Any CPU
	EndGlobalSection
	GlobalSection(ProjectConfigurationPlatforms) = postSolution
		{5001CE53-323E-49F1-B79A-3A554D3EDFEF}.Debug|Any CPU.ActiveCfg = Debug|Any CPU
		{5001CE53-323E-49F1-B79A-3A554D3EDFEF}.Debug|Any CPU.Build.0 = Debug|Any CPU
		{5001CE53-323E-49F1-B79A-3A554D3EDFEF}.Release|Any CPU.ActiveCfg = Release|Any CPU
		{5001CE53-323E-49F1-B79A-3A554D3EDFEF}.Release|Any CPU.Build.0 = Release|Any CPU
	EndGlobalSection
	GlobalSection(SolutionProperties) = preSolution
		HideSolutionNode = FALSE
	EndGlobalSection
	GlobalSection(ExtensibilityGlobals) = postSolution
		SolutionGuid = {3E1C46C6-8C0D-4C11-884B-0D728AEA9714}
	EndGlobalSection
EndGlobal
